
Microsoft Visual Studio Solution File, Format Version 12.00
# Visual Studio Version 17
VisualStudioVersion = 17.1.32210.238
MinimumVisualStudioVersion = 10.0.40219.1
Project("{FAE04EC0-301F-11D3-BF4B-00C04F79EFBC}") = "CA220304", "CA220304.csproj", "{514BF9B5-BF06-4470-808D-318E96C3DB37}"
EndProject
Global
	GlobalSection(SolutionConfigurationPlatforms) = preSolution
		Debug|Any CPU = Debug|Any CPU
		Release|Any CPU = Release|Any CPU
	EndGlobalSection
	GlobalSection(ProjectConfigurationPlatforms) = postSolution
		{514BF9B5-BF06-4470-808D-318E96C3DB37}.Debug|Any CPU.ActiveCfg = Debug|Any CPU
		{514BF9B5-BF06-4470-808D-318E96C3DB37}.Debug|Any CPU.Build.0 = Debug|Any CPU
		{514BF9B5-BF06-4470-808D-318E96C3DB37}.Release|Any CPU.ActiveCfg = Release|Any CPU
		{514BF9B5-BF06-4470-808D-318E96C3DB37}.Release|Any CPU.Build.0 = Release|Any CPU
	EndGlobalSection
	GlobalSection(SolutionProperties) = preSolution
		HideSolutionNode = FALSE
	EndGlobalSection
	GlobalSection(ExtensibilityGlobals) = postSolution
		SolutionGuid = {00364CF4-6B9C-4F90-9666-CE4004F10FB0}
	EndGlobalSection
EndGlobal
